<?xml version="1.0" encoding="utf-8"?>
<Project ToolsVersion="4.0" xmlns="http://schemas.microsoft.com/developer/msbuild/2003">
  <ItemGroup>
    <Filter Include="Source Files">
      <UniqueIdentifier>{4FC737F1-C7A5-4376-A066-2A32D752A2FF}</UniqueIdentifier>
      <Extensions>cpp;c;cc;cxx;def;odl;idl;hpj;bat;asm;asmx</Extensions>
    </Filter>
    <Filter Include="Header Files">
      <UniqueIdentifier>{93995380-89BD-4b04-88EB-625FBE52EBFB}</UniqueIdentifier>
      <Extensions>h;hh;hpp;hxx;hm;inl;inc;xsd</Extensions>
    </Filter>
    <Filter Include="Resource Files">
      <UniqueIdentifier>{67DA6AB6-F800-4c08-8B7A-83BB121AAD01}</UniqueIdentifier>
      <Extensions>rc;ico;cur;bmp;dlg;rc2;rct;bin;rgs;gif;jpg;jpeg;jpe;resx;tiff;tif;png;wav;mfcribbon-ms</Extensions>
    </Filter>
  </ItemGroup>
  <ItemGroup>
    <ClInclude Include="..\source\config.h">
      <Filter>Header Files</Filter>
    </ClInclude>
    <ClInclude Include="..\source\interal_types.h">
      <Filter>Header Files</Filter>
    </ClInclude>
    <ClInclude Include="..\source\object.h">
      <Filter>Header Files</Filter>
    </ClInclude>
    <ClInclude Include="..\source\socket.h">
      <Filter>Header Files</Filter>
    </ClInclude>
    <ClInclude Include="..\source\socket_addr.h">
      <Filter>Header Files</Filter>
    </ClInclude>
    <ClInclude Include="..\source\socket_handle.h">
      <Filter>Header Files</Filter>
    </ClInclude>
    <ClInclude Include="..\source\socket_option.h">
      <Filter>Header Files</Filter>
    </ClInclude>
    <ClInclude Include="..\source\connector.h">
      <Filter>Header Files</Filter>
    </ClInclude>
    <ClInclude Include="..\source\acceptor.h">
      <Filter>Header Files</Filter>
    </ClInclude>
    <ClInclude Include="..\source\stream.h">
      <Filter>Header Files</Filter>
    </ClInclude>
    <ClInclude Include="..\source\time_value.h">
      <Filter>Header Files</Filter>
    </ClInclude>
  </ItemGroup>
  <ItemGroup>
    <ClCompile Include="..\source\object.cpp">
      <Filter>Source Files</Filter>
    </ClCompile>
    <ClCompile Include="..\source\socket.cpp">
      <Filter>Source Files</Filter>
    </ClCompile>
    <ClCompile Include="..\source\socket_addr.cpp">
      <Filter>Source Files</Filter>
    </ClCompile>
    <ClCompile Include="..\source\socket_option.cpp">
      <Filter>Source Files</Filter>
    </ClCompile>
    <ClCompile Include="..\source\stream.cpp">
      <Filter>Source Files</Filter>
    </ClCompile>
    <ClCompile Include="..\source\connector.cpp">
      <Filter>Source Files</Filter>
    </ClCompile>
    <ClCompile Include="..\source\acceptor.cpp">
      <Filter>Source Files</Filter>
    </ClCompile>
    <ClCompile Include="..\source\time_value.cpp">
      <Filter>Source Files</Filter>
    </ClCompile>
  </ItemGroup>
</Project>