<?xml version="1.0" encoding="utf-8"?>
<Project ToolsVersion="4.0" xmlns="http://schemas.microsoft.com/developer/msbuild/2003">
  <ItemGroup>
    <Filter Include="core">
      <UniqueIdentifier>{660216d2-2a91-4c8d-be3e-a894e99dbc64}</UniqueIdentifier>
    </Filter>
    <Filter Include="system">
      <UniqueIdentifier>{3276eb9c-67d5-40ec-9d70-95fc671165d3}</UniqueIdentifier>
    </Filter>
    <Filter Include="socket_base">
      <UniqueIdentifier>{93995380-89BD-4b04-88EB-625FBE52EBFB}</UniqueIdentifier>
      <Extensions>h;hh;hpp;hxx;hm;inl;inc;xsd</Extensions>
    </Filter>
    <Filter Include="lua">
      <UniqueIdentifier>{82918217-ac32-4429-85ac-316f83f6c2e2}</UniqueIdentifier>
    </Filter>
  </ItemGroup>
  <ItemGroup>
    <ClCompile Include="..\source\socket_base\acceptor.cpp">
      <Filter>socket_base</Filter>
    </ClCompile>
    <ClCompile Include="..\source\socket_base\connector.cpp">
      <Filter>socket_base</Filter>
    </ClCompile>
    <ClCompile Include="..\source\socket_base\socket.cpp">
      <Filter>socket_base</Filter>
    </ClCompile>
    <ClCompile Include="..\source\socket_base\socket_addr.cpp">
      <Filter>socket_base</Filter>
    </ClCompile>
    <ClCompile Include="..\source\socket_base\socket_handle.cpp">
      <Filter>socket_base</Filter>
    </ClCompile>
    <ClCompile Include="..\source\socket_base\socket_option.cpp">
      <Filter>socket_base</Filter>
    </ClCompile>
    <ClCompile Include="..\source\socket_base\stream.cpp">
      <Filter>socket_base</Filter>
    </ClCompile>
    <ClCompile Include="..\source\system\condition.cpp">
      <Filter>system</Filter>
    </ClCompile>
    <ClCompile Include="..\source\system\mutex.cpp">
      <Filter>system</Filter>
    </ClCompile>
    <ClCompile Include="..\source\system\object.cpp">
      <Filter>system</Filter>
    </ClCompile>
    <ClCompile Include="..\source\system\thread.cpp">
      <Filter>system</Filter>
    </ClCompile>
    <ClCompile Include="..\source\system\time_value.cpp">
      <Filter>system</Filter>
    </ClCompile>
    <ClCompile Include="..\source\core\main.cpp">
      <Filter>core</Filter>
    </ClCompile>
    <ClCompile Include="..\source\core\config_file.cpp">
      <Filter>core</Filter>
    </ClCompile>
    <ClCompile Include="..\source\lua\lapi.c">
      <Filter>lua</Filter>
    </ClCompile>
    <ClCompile Include="..\source\lua\lauxlib.c">
      <Filter>lua</Filter>
    </ClCompile>
    <ClCompile Include="..\source\lua\lbaselib.c">
      <Filter>lua</Filter>
    </ClCompile>
    <ClCompile Include="..\source\lua\lbitlib.c">
      <Filter>lua</Filter>
    </ClCompile>
    <ClCompile Include="..\source\lua\lcode.c">
      <Filter>lua</Filter>
    </ClCompile>
    <ClCompile Include="..\source\lua\lcorolib.c">
      <Filter>lua</Filter>
    </ClCompile>
    <ClCompile Include="..\source\lua\lctype.c">
      <Filter>lua</Filter>
    </ClCompile>
    <ClCompile Include="..\source\lua\ldblib.c">
      <Filter>lua</Filter>
    </ClCompile>
    <ClCompile Include="..\source\lua\ldebug.c">
      <Filter>lua</Filter>
    </ClCompile>
    <ClCompile Include="..\source\lua\ldo.c">
      <Filter>lua</Filter>
    </ClCompile>
    <ClCompile Include="..\source\lua\ldump.c">
      <Filter>lua</Filter>
    </ClCompile>
    <ClCompile Include="..\source\lua\lfunc.c">
      <Filter>lua</Filter>
    </ClCompile>
    <ClCompile Include="..\source\lua\lgc.c">
      <Filter>lua</Filter>
    </ClCompile>
    <ClCompile Include="..\source\lua\linit.c">
      <Filter>lua</Filter>
    </ClCompile>
    <ClCompile Include="..\source\lua\liolib.c">
      <Filter>lua</Filter>
    </ClCompile>
    <ClCompile Include="..\source\lua\llex.c">
      <Filter>lua</Filter>
    </ClCompile>
    <ClCompile Include="..\source\lua\lmathlib.c">
      <Filter>lua</Filter>
    </ClCompile>
    <ClCompile Include="..\source\lua\lmem.c">
      <Filter>lua</Filter>
    </ClCompile>
    <ClCompile Include="..\source\lua\loadlib.c">
      <Filter>lua</Filter>
    </ClCompile>
    <ClCompile Include="..\source\lua\lobject.c">
      <Filter>lua</Filter>
    </ClCompile>
    <ClCompile Include="..\source\lua\lopcodes.c">
      <Filter>lua</Filter>
    </ClCompile>
    <ClCompile Include="..\source\lua\loslib.c">
      <Filter>lua</Filter>
    </ClCompile>
    <ClCompile Include="..\source\lua\lparser.c">
      <Filter>lua</Filter>
    </ClCompile>
    <ClCompile Include="..\source\lua\lstate.c">
      <Filter>lua</Filter>
    </ClCompile>
    <ClCompile Include="..\source\lua\lstring.c">
      <Filter>lua</Filter>
    </ClCompile>
    <ClCompile Include="..\source\lua\lstrlib.c">
      <Filter>lua</Filter>
    </ClCompile>
    <ClCompile Include="..\source\lua\ltable.c">
      <Filter>lua</Filter>
    </ClCompile>
    <ClCompile Include="..\source\lua\ltablib.c">
      <Filter>lua</Filter>
    </ClCompile>
    <ClCompile Include="..\source\lua\ltm.c">
      <Filter>lua</Filter>
    </ClCompile>
    <ClCompile Include="..\source\lua\lundump.c">
      <Filter>lua</Filter>
    </ClCompile>
    <ClCompile Include="..\source\lua\lvm.c">
      <Filter>lua</Filter>
    </ClCompile>
    <ClCompile Include="..\source\lua\lzio.c">
      <Filter>lua</Filter>
    </ClCompile>
    <ClCompile Include="..\source\core\logger.cpp">
      <Filter>core</Filter>
    </ClCompile>
    <ClCompile Include="..\source\core\timer.cpp">
      <Filter>core</Filter>
    </ClCompile>
  </ItemGroup>
  <ItemGroup>
    <ClInclude Include="..\source\socket_base\acceptor.h">
      <Filter>socket_base</Filter>
    </ClInclude>
    <ClInclude Include="..\source\socket_base\connector.h">
      <Filter>socket_base</Filter>
    </ClInclude>
    <ClInclude Include="..\source\socket_base\socket.h">
      <Filter>socket_base</Filter>
    </ClInclude>
    <ClInclude Include="..\source\socket_base\socket_addr.h">
      <Filter>socket_base</Filter>
    </ClInclude>
    <ClInclude Include="..\source\socket_base\socket_handle.h">
      <Filter>socket_base</Filter>
    </ClInclude>
    <ClInclude Include="..\source\socket_base\socket_option.h">
      <Filter>socket_base</Filter>
    </ClInclude>
    <ClInclude Include="..\source\socket_base\stream.h">
      <Filter>socket_base</Filter>
    </ClInclude>
    <ClInclude Include="..\source\system\condition.h">
      <Filter>system</Filter>
    </ClInclude>
    <ClInclude Include="..\source\system\config.h">
      <Filter>system</Filter>
    </ClInclude>
    <ClInclude Include="..\source\system\interal_types.h">
      <Filter>system</Filter>
    </ClInclude>
    <ClInclude Include="..\source\system\mutex.h">
      <Filter>system</Filter>
    </ClInclude>
    <ClInclude Include="..\source\system\object.h">
      <Filter>system</Filter>
    </ClInclude>
    <ClInclude Include="..\source\system\thread.h">
      <Filter>system</Filter>
    </ClInclude>
    <ClInclude Include="..\source\system\time_value.h">
      <Filter>system</Filter>
    </ClInclude>
    <ClInclude Include="..\source\core\config_file.h">
      <Filter>core</Filter>
    </ClInclude>
    <ClInclude Include="..\source\lua\lapi.h">
      <Filter>lua</Filter>
    </ClInclude>
    <ClInclude Include="..\source\lua\lauxlib.h">
      <Filter>lua</Filter>
    </ClInclude>
    <ClInclude Include="..\source\lua\lcode.h">
      <Filter>lua</Filter>
    </ClInclude>
    <ClInclude Include="..\source\lua\lctype.h">
      <Filter>lua</Filter>
    </ClInclude>
    <ClInclude Include="..\source\lua\ldebug.h">
      <Filter>lua</Filter>
    </ClInclude>
    <ClInclude Include="..\source\lua\ldo.h">
      <Filter>lua</Filter>
    </ClInclude>
    <ClInclude Include="..\source\lua\lfunc.h">
      <Filter>lua</Filter>
    </ClInclude>
    <ClInclude Include="..\source\lua\lgc.h">
      <Filter>lua</Filter>
    </ClInclude>
    <ClInclude Include="..\source\lua\llex.h">
      <Filter>lua</Filter>
    </ClInclude>
    <ClInclude Include="..\source\lua\llimits.h">
      <Filter>lua</Filter>
    </ClInclude>
    <ClInclude Include="..\source\lua\lmem.h">
      <Filter>lua</Filter>
    </ClInclude>
    <ClInclude Include="..\source\lua\lobject.h">
      <Filter>lua</Filter>
    </ClInclude>
    <ClInclude Include="..\source\lua\lopcodes.h">
      <Filter>lua</Filter>
    </ClInclude>
    <ClInclude Include="..\source\lua\lparser.h">
      <Filter>lua</Filter>
    </ClInclude>
    <ClInclude Include="..\source\lua\lstate.h">
      <Filter>lua</Filter>
    </ClInclude>
    <ClInclude Include="..\source\lua\lstring.h">
      <Filter>lua</Filter>
    </ClInclude>
    <ClInclude Include="..\source\lua\ltable.h">
      <Filter>lua</Filter>
    </ClInclude>
    <ClInclude Include="..\source\lua\ltm.h">
      <Filter>lua</Filter>
    </ClInclude>
    <ClInclude Include="..\source\lua\lua.h">
      <Filter>lua</Filter>
    </ClInclude>
    <ClInclude Include="..\source\lua\lua.hpp">
      <Filter>lua</Filter>
    </ClInclude>
    <ClInclude Include="..\source\lua\luaconf.h">
      <Filter>lua</Filter>
    </ClInclude>
    <ClInclude Include="..\source\lua\lualib.h">
      <Filter>lua</Filter>
    </ClInclude>
    <ClInclude Include="..\source\lua\lundump.h">
      <Filter>lua</Filter>
    </ClInclude>
    <ClInclude Include="..\source\lua\lvm.h">
      <Filter>lua</Filter>
    </ClInclude>
    <ClInclude Include="..\source\lua\lzio.h">
      <Filter>lua</Filter>
    </ClInclude>
    <ClInclude Include="..\source\core\logger.h">
      <Filter>core</Filter>
    </ClInclude>
    <ClInclude Include="..\source\core\timer.h">
      <Filter>core</Filter>
    </ClInclude>
  </ItemGroup>
  <ItemGroup>
    <None Include="..\source\lua\Makefile">
      <Filter>lua</Filter>
    </None>
  </ItemGroup>
</Project>