<?xml version="1.0" encoding="utf-8"?>
<Project ToolsVersion="4.0" xmlns="http://schemas.microsoft.com/developer/msbuild/2003">
  <ItemGroup>
    <Filter Include="core">
      <UniqueIdentifier>{660216d2-2a91-4c8d-be3e-a894e99dbc64}</UniqueIdentifier>
    </Filter>
    <Filter Include="system">
      <UniqueIdentifier>{3276eb9c-67d5-40ec-9d70-95fc671165d3}</UniqueIdentifier>
    </Filter>
    <Filter Include="socket_base">
      <UniqueIdentifier>{93995380-89BD-4b04-88EB-625FBE52EBFB}</UniqueIdentifier>
      <Extensions>h;hh;hpp;hxx;hm;inl;inc;xsd</Extensions>
    </Filter>
  </ItemGroup>
  <ItemGroup>
    <ClCompile Include="..\source\socket_base\acceptor.cpp">
      <Filter>socket_base</Filter>
    </ClCompile>
    <ClCompile Include="..\source\socket_base\connector.cpp">
      <Filter>socket_base</Filter>
    </ClCompile>
    <ClCompile Include="..\source\socket_base\socket.cpp">
      <Filter>socket_base</Filter>
    </ClCompile>
    <ClCompile Include="..\source\socket_base\socket_addr.cpp">
      <Filter>socket_base</Filter>
    </ClCompile>
    <ClCompile Include="..\source\socket_base\socket_handle.cpp">
      <Filter>socket_base</Filter>
    </ClCompile>
    <ClCompile Include="..\source\socket_base\socket_option.cpp">
      <Filter>socket_base</Filter>
    </ClCompile>
    <ClCompile Include="..\source\socket_base\stream.cpp">
      <Filter>socket_base</Filter>
    </ClCompile>
    <ClCompile Include="..\source\system\condition.cpp">
      <Filter>system</Filter>
    </ClCompile>
    <ClCompile Include="..\source\system\mutex.cpp">
      <Filter>system</Filter>
    </ClCompile>
    <ClCompile Include="..\source\system\object.cpp">
      <Filter>system</Filter>
    </ClCompile>
    <ClCompile Include="..\source\system\thread.cpp">
      <Filter>system</Filter>
    </ClCompile>
    <ClCompile Include="..\source\system\time_value.cpp">
      <Filter>system</Filter>
    </ClCompile>
    <ClCompile Include="..\source\core\main.cpp">
      <Filter>core</Filter>
    </ClCompile>
  </ItemGroup>
  <ItemGroup>
    <ClInclude Include="..\source\socket_base\acceptor.h">
      <Filter>socket_base</Filter>
    </ClInclude>
    <ClInclude Include="..\source\socket_base\connector.h">
      <Filter>socket_base</Filter>
    </ClInclude>
    <ClInclude Include="..\source\socket_base\socket.h">
      <Filter>socket_base</Filter>
    </ClInclude>
    <ClInclude Include="..\source\socket_base\socket_addr.h">
      <Filter>socket_base</Filter>
    </ClInclude>
    <ClInclude Include="..\source\socket_base\socket_handle.h">
      <Filter>socket_base</Filter>
    </ClInclude>
    <ClInclude Include="..\source\socket_base\socket_option.h">
      <Filter>socket_base</Filter>
    </ClInclude>
    <ClInclude Include="..\source\socket_base\stream.h">
      <Filter>socket_base</Filter>
    </ClInclude>
    <ClInclude Include="..\source\system\condition.h">
      <Filter>system</Filter>
    </ClInclude>
    <ClInclude Include="..\source\system\config.h">
      <Filter>system</Filter>
    </ClInclude>
    <ClInclude Include="..\source\system\interal_types.h">
      <Filter>system</Filter>
    </ClInclude>
    <ClInclude Include="..\source\system\mutex.h">
      <Filter>system</Filter>
    </ClInclude>
    <ClInclude Include="..\source\system\object.h">
      <Filter>system</Filter>
    </ClInclude>
    <ClInclude Include="..\source\system\thread.h">
      <Filter>system</Filter>
    </ClInclude>
    <ClInclude Include="..\source\system\time_value.h">
      <Filter>system</Filter>
    </ClInclude>
  </ItemGroup>
</Project>