
Microsoft Visual Studio Solution File, Format Version 12.00
# Visual Studio 2013
VisualStudioVersion = 12.0.21005.1
MinimumVisualStudioVersion = 10.0.40219.1
Project("{8BC9CEB8-8B4A-11D0-8D11-00A0C91BC942}") = "socket_client", "socket_client\socket_client.vcxproj", "{18DCCA33-AAB4-44EA-B88E-FF7E192C6B4C}"
EndProject
Project("{8BC9CEB8-8B4A-11D0-8D11-00A0C91BC942}") = "socket_server", "socket_server\socket_server.vcxproj", "{4CB10042-05FC-4F62-88BB-847C4C5A846E}"
EndProject
Project("{8BC9CEB8-8B4A-11D0-8D11-00A0C91BC942}") = "SocketOption", "SocketOption\SocketOption.vcxproj", "{CAAF225A-DF9D-4919-BF58-C8E07902A26D}"
EndProject
Global
	GlobalSection(SolutionConfigurationPlatforms) = preSolution
		Debug|Win32 = Debug|Win32
		Release|Win32 = Release|Win32
	EndGlobalSection
	GlobalSection(ProjectConfigurationPlatforms) = postSolution
		{18DCCA33-AAB4-44EA-B88E-FF7E192C6B4C}.Debug|Win32.ActiveCfg = Debug|Win32
		{18DCCA33-AAB4-44EA-B88E-FF7E192C6B4C}.Debug|Win32.Build.0 = Debug|Win32
		{18DCCA33-AAB4-44EA-B88E-FF7E192C6B4C}.Release|Win32.ActiveCfg = Release|Win32
		{18DCCA33-AAB4-44EA-B88E-FF7E192C6B4C}.Release|Win32.Build.0 = Release|Win32
		{4CB10042-05FC-4F62-88BB-847C4C5A846E}.Debug|Win32.ActiveCfg = Debug|Win32
		{4CB10042-05FC-4F62-88BB-847C4C5A846E}.Debug|Win32.Build.0 = Debug|Win32
		{4CB10042-05FC-4F62-88BB-847C4C5A846E}.Release|Win32.ActiveCfg = Release|Win32
		{4CB10042-05FC-4F62-88BB-847C4C5A846E}.Release|Win32.Build.0 = Release|Win32
		{CAAF225A-DF9D-4919-BF58-C8E07902A26D}.Debug|Win32.ActiveCfg = Debug|Win32
		{CAAF225A-DF9D-4919-BF58-C8E07902A26D}.Debug|Win32.Build.0 = Debug|Win32
		{CAAF225A-DF9D-4919-BF58-C8E07902A26D}.Release|Win32.ActiveCfg = Release|Win32
		{CAAF225A-DF9D-4919-BF58-C8E07902A26D}.Release|Win32.Build.0 = Release|Win32
	EndGlobalSection
	GlobalSection(SolutionProperties) = preSolution
		HideSolutionNode = FALSE
	EndGlobalSection
EndGlobal
